
Microsoft Visual Studio Solution File, Format Version 12.00
# Visual Studio 15
Project("{FAE04EC0-301F-11D3-BF4B-00C04F79EFBC}") = "Assembly-CSharp", "Assembly-CSharp.csproj", "{4FB33A02-5FF4-EA83-1301-56656D532B07}"
EndProject
Project("{FAE04EC0-301F-11D3-BF4B-00C04F79EFBC}") = "Assembly-CSharp-Editor", "Assembly-CSharp-Editor.csproj", "{8FBBF183-6C32-9B6F-B341-E033CF45EA0E}"
EndProject
Global
	GlobalSection(SolutionConfigurationPlatforms) = preSolution
		Debug|Any CPU = Debug|Any CPU
		Release|Any CPU = Release|Any CPU
	EndGlobalSection
	GlobalSection(ProjectConfigurationPlatforms) = postSolution
		{4FB33A02-5FF4-EA83-1301-56656D532B07}.Debug|Any CPU.ActiveCfg = Debug|Any CPU
		{4FB33A02-5FF4-EA83-1301-56656D532B07}.Debug|Any CPU.Build.0 = Debug|Any CPU
		{4FB33A02-5FF4-EA83-1301-56656D532B07}.Release|Any CPU.ActiveCfg = Release|Any CPU
		{4FB33A02-5FF4-EA83-1301-56656D532B07}.Release|Any CPU.Build.0 = Release|Any CPU
		{8FBBF183-6C32-9B6F-B341-E033CF45EA0E}.Debug|Any CPU.ActiveCfg = Debug|Any CPU
		{8FBBF183-6C32-9B6F-B341-E033CF45EA0E}.Debug|Any CPU.Build.0 = Debug|Any CPU
		{8FBBF183-6C32-9B6F-B341-E033CF45EA0E}.Release|Any CPU.ActiveCfg = Release|Any CPU
		{8FBBF183-6C32-9B6F-B341-E033CF45EA0E}.Release|Any CPU.Build.0 = Release|Any CPU
	EndGlobalSection
	GlobalSection(SolutionProperties) = preSolution
		HideSolutionNode = FALSE
	EndGlobalSection
EndGlobal
